
Microsoft Visual Studio Solution File, Format Version 12.00
# Visual Studio Version 17
VisualStudioVersion = 17.7.34031.279
MinimumVisualStudioVersion = 10.0.40219.1
Project("{FAE04EC0-301F-11D3-BF4B-00C04F79EFBC}") = "jpribioExamen", "jpribioExamen.csproj", "{669AE9FB-35C6-48F9-B3A5-FF9B1AFE75FB}"
EndProject
Global
	GlobalSection(SolutionConfigurationPlatforms) = preSolution
		Debug|Any CPU = Debug|Any CPU
		Release|Any CPU = Release|Any CPU
	EndGlobalSection
	GlobalSection(ProjectConfigurationPlatforms) = postSolution
		{669AE9FB-35C6-48F9-B3A5-FF9B1AFE75FB}.Debug|Any CPU.ActiveCfg = Debug|Any CPU
		{669AE9FB-35C6-48F9-B3A5-FF9B1AFE75FB}.Debug|Any CPU.Build.0 = Debug|Any CPU
		{669AE9FB-35C6-48F9-B3A5-FF9B1AFE75FB}.Release|Any CPU.ActiveCfg = Release|Any CPU
		{669AE9FB-35C6-48F9-B3A5-FF9B1AFE75FB}.Release|Any CPU.Build.0 = Release|Any CPU
	EndGlobalSection
	GlobalSection(SolutionProperties) = preSolution
		HideSolutionNode = FALSE
	EndGlobalSection
	GlobalSection(ExtensibilityGlobals) = postSolution
		SolutionGuid = {AEAEA35F-A644-428A-B0C4-654A73A319D4}
	EndGlobalSection
EndGlobal
